// !$*UTF8*$!
{
	archiveVersion = 1;
	classes = {
	};
	objectVersion = 110;
	objects = {

/* Begin PBXFileReference section */
		3C9C9B70305D44ED00AD3283 /* OpenDock.app */ = {isa = PBXFileReference; explicitFileType = wrapper.application; includeInIndex = 0; path = OpenDock.app; sourceTree = BUILT_PRODUCTS_DIR; };
/* End PBXFileReference section */

/* Begin PBXFileSystemSynchronizedRootGroup section */
		3C9C9B72305D44ED00AD3283 /* OpenDock */ = {
			isa = PBXFileSystemSynchronizedRootGroup;
			path = OpenDock;
			sourceTree = "<group>";
		};
/* End PBXFileSystemSynchronizedRootGroup section */

/* Begin PBXBuildFile section */
		0D000001000000000000A001 /* OpenDockKit in Frameworks */ = {isa = PBXBuildFile; productRef = 0D000001000000000000B001 /* OpenDockKit */; };
		0D000001000000000000A002 /* OpenDockWidgets in Frameworks */ = {isa = PBXBuildFile; productRef = 0D000001000000000000B002 /* OpenDockWidgets */; };
		0D000001000000000000A003 /* Sparkle in Frameworks */ = {isa = PBXBuildFile; productRef = 0D000001000000000000B003 /* Sparkle */; };
/* End PBXBuildFile section */

/* Begin PBXFrameworksBuildPhase section */
		3C9C9B6D305D44ED00AD3283 /* Frameworks */ = {
			isa = PBXFrameworksBuildPhase;
			files = (
				0D000001000000000000A001 /* OpenDockKit in Frameworks */,
				0D000001000000000000A002 /* OpenDockWidgets in Frameworks */,
				0D000001000000000000A003 /* Sparkle in Frameworks */,
			);
		};
/* End PBXFrameworksBuildPhase section */

/* Begin PBXGroup section */
		3C9C9B67305D44EC00AD3283 = {
			isa = PBXGroup;
			children = (
				3C9C9B72305D44ED00AD3283 /* OpenDock */,
				3C9C9B71305D44ED00AD3283 /* Products */,
			);
			sourceTree = "<group>";
		};
		3C9C9B71305D44ED00AD3283 /* Products */ = {
			isa = PBXGroup;
			children = (
				3C9C9B70305D44ED00AD3283 /* OpenDock.app */,
			);
			name = Products;
			sourceTree = "<group>";
		};
/* End PBXGroup section */

/* Begin PBXNativeTarget section */
		3C9C9B6F305D44ED00AD3283 /* OpenDock */ = {
			isa = PBXNativeTarget;
			buildConfigurationList = 3C9C9B7D305D44ED00AD3283 /* Build configuration list for PBXNativeTarget "OpenDock" */;
			buildPhases = (
				3C9C9B6C305D44ED00AD3283 /* Sources */,
				3C9C9B6D305D44ED00AD3283 /* Frameworks */,
				3C9C9B6E305D44ED00AD3283 /* Resources */,
			);
			buildRules = (
			);
			fileSystemSynchronizedGroups = (
				3C9C9B72305D44ED00AD3283 /* OpenDock */,
			);
			name = OpenDock;
			packageProductDependencies = (
				0D000001000000000000B001 /* OpenDockKit */,
				0D000001000000000000B002 /* OpenDockWidgets */,
				0D000001000000000000B003 /* Sparkle */,
			);
			productName = OpenDock;
			productReference = 3C9C9B70305D44ED00AD3283 /* OpenDock.app */;
			productType = "com.apple.product-type.application";
		};
/* End PBXNativeTarget section */

/* Begin PBXProject section */
		3C9C9B68305D44EC00AD3283 /* Project object */ = {
			isa = PBXProject;
			attributes = {
				BuildIndependentTargetsInParallel = 1;
				LastSwiftUpdateCheck = 2700;
				LastUpgradeCheck = 2700;
				TargetAttributes = {
					3C9C9B6F305D44ED00AD3283 = {
						CreatedOnToolsVersion = 27.0;
					};
				};
			};
			buildConfigurationList = 3C9C9B6B305D44EC00AD3283 /* Build configuration list for PBXProject "OpenDock" */;
			developmentRegion = en;
			hasScannedForEncodings = 0;
			knownRegions = (
				en,
				Base,
			);
			mainGroup = 3C9C9B67305D44EC00AD3283;
			minimizedProjectReferenceProxies = 1;
			packageReferences = (
				0D000001000000000000C001 /* XCLocalSwiftPackageReference "Packages/OpenDockKit" */,
				0D000001000000000000C002 /* XCLocalSwiftPackageReference "Packages/OpenDockWidgets" */,
				0D000001000000000000C003 /* XCRemoteSwiftPackageReference "Sparkle" */,
			);
			preferredProjectObjectVersion = 77;
			productRefGroup = 3C9C9B71305D44ED00AD3283 /* Products */;
			projectDirPath = "";
			projectRoot = "";
			targets = (
				3C9C9B6F305D44ED00AD3283 /* OpenDock */,
			);
		};
/* End PBXProject section */

/* Begin PBXResourcesBuildPhase section */
		3C9C9B6E305D44ED00AD3283 /* Resources */ = {
			isa = PBXResourcesBuildPhase;
			files = (
			);
		};
/* End PBXResourcesBuildPhase section */

/* Begin PBXSourcesBuildPhase section */
		3C9C9B6C305D44ED00AD3283 /* Sources */ = {
			isa = PBXSourcesBuildPhase;
			files = (
			);
		};
/* End PBXSourcesBuildPhase section */

/* Begin XCBuildConfiguration section */
		3C9C9B7B305D44ED00AD3283 /* Debug configuration for PBXProject "OpenDock" */ = {
			isa = XCBuildConfiguration;
			buildSettings = {
				ALWAYS_SEARCH_USER_PATHS = NO;
				ASSETCATALOG_COMPILER_GENERATE_SWIFT_ASSET_SYMBOL_EXTENSIONS = YES;
				CLANG_ANALYZER_NONNULL = YES;
				CLANG_ANALYZER_NUMBER_OBJECT_CONVERSION = YES_AGGRESSIVE;
				CLANG_CXX_LANGUAGE_STANDARD = "gnu++20";
				CLANG_ENABLE_MODULES = YES;
				CLANG_ENABLE_OBJC_ARC = YES;
				CLANG_ENABLE_OBJC_WEAK = YES;
				CLANG_WARN_BLOCK_CAPTURE_AUTORELEASING = YES;
				CLANG_WARN_BOOL_CONVERSION = YES;
				CLANG_WARN_COMMA = YES;
				CLANG_WARN_CONSTANT_CONVERSION = YES;
				CLANG_WARN_DEPRECATED_OBJC_IMPLEMENTATIONS = YES;
				CLANG_WARN_DIRECT_OBJC_ISA_USAGE = YES_ERROR;
				CLANG_WARN_DOCUMENTATION_COMMENTS = YES;
				CLANG_WARN_EMPTY_BODY = YES;
				CLANG_WARN_ENUM_CONVERSION = YES;
				CLANG_WARN_INFINITE_RECURSION = YES;
				CLANG_WARN_INT_CONVERSION = YES;
				CLANG_WARN_NON_LITERAL_NULL_CONVERSION = YES;
				CLANG_WARN_OBJC_IMPLICIT_RETAIN_SELF = YES;
				CLANG_WARN_OBJC_LITERAL_CONVERSION = YES;
				CLANG_WARN_OBJC_ROOT_CLASS = YES_ERROR;
				CLANG_WARN_QUOTED_INCLUDE_IN_FRAMEWORK_HEADER = YES;
				CLANG_WARN_RANGE_LOOP_ANALYSIS = YES;
				CLANG_WARN_STRICT_PROTOTYPES = YES;
				CLANG_WARN_SUSPICIOUS_MOVE = YES;
				CLANG_WARN_UNGUARDED_AVAILABILITY = YES_AGGRESSIVE;
				CLANG_WARN_UNREACHABLE_CODE = YES;
				CLANG_WARN__DUPLICATE_METHOD_MATCH = YES;
				COPY_PHASE_STRIP = NO;
				DEBUG_INFORMATION_FORMAT = dwarf;
				DEVELOPMENT_TEAM = 996Y4MJA7D;
				ENABLE_STRICT_OBJC_MSGSEND = YES;
				ENABLE_TESTABILITY = YES;
				ENABLE_USER_SCRIPT_SANDBOXING = YES;
				GCC_C_LANGUAGE_STANDARD = gnu17;
				GCC_DYNAMIC_NO_PIC = NO;
				GCC_NO_COMMON_BLOCKS = YES;
				GCC_OPTIMIZATION_LEVEL = 0;
				GCC_PREPROCESSOR_DEFINITIONS = (
					"DEBUG=1",
					"$(inherited)",
				);
				GCC_WARN_64_TO_32_BIT_CONVERSION = YES;
				GCC_WARN_ABOUT_RETURN_TYPE = YES_ERROR;
				GCC_WARN_UNDECLARED_SELECTOR = YES;
				GCC_WARN_UNINITIALIZED_AUTOS = YES_AGGRESSIVE;
				GCC_WARN_UNUSED_FUNCTION = YES;
				GCC_WARN_UNUSED_VARIABLE = YES;
				LOCALIZATION_PREFERS_STRING_CATALOGS = YES;
				MACOSX_DEPLOYMENT_TARGET = 27.0;
				MTL_ENABLE_DEBUG_INFO = INCLUDE_SOURCE;
				MTL_FAST_MATH = YES;
				ONLY_ACTIVE_ARCH = YES;
				SDKROOT = macosx;
				SWIFT_ACTIVE_COMPILATION_CONDITIONS = "DEBUG $(inherited)";
				SWIFT_OPTIMIZATION_LEVEL = "-Onone";
			};
			name = Debug;
		};
		3C9C9B7C305D44ED00AD3283 /* Release configuration for PBXProject "OpenDock" */ = {
			isa = XCBuildConfiguration;
			buildSettings = {
				ALWAYS_SEARCH_USER_PATHS = NO;
				ASSETCATALOG_COMPILER_GENERATE_SWIFT_ASSET_SYMBOL_EXTENSIONS = YES;
				CLANG_ANALYZER_NONNULL = YES;
				CLANG_ANALYZER_NUMBER_OBJECT_CONVERSION = YES_AGGRESSIVE;
				CLANG_CXX_LANGUAGE_STANDARD = "gnu++20";
				CLANG_ENABLE_MODULES = YES;
				CLANG_ENABLE_OBJC_ARC = YES;
				CLANG_ENABLE_OBJC_WEAK = YES;
				CLANG_WARN_BLOCK_CAPTURE_AUTORELEASING = YES;
				CLANG_WARN_BOOL_CONVERSION = YES;
				CLANG_WARN_COMMA = YES;
				CLANG_WARN_CONSTANT_CONVERSION = YES;
				CLANG_WARN_DEPRECATED_OBJC_IMPLEMENTATIONS = YES;
				CLANG_WARN_DIRECT_OBJC_ISA_USAGE = YES_ERROR;
				CLANG_WARN_DOCUMENTATION_COMMENTS = YES;
				CLANG_WARN_EMPTY_BODY = YES;
				CLANG_WARN_ENUM_CONVERSION = YES;
				CLANG_WARN_INFINITE_RECURSION = YES;
				CLANG_WARN_INT_CONVERSION = YES;
				CLANG_WARN_NON_LITERAL_NULL_CONVERSION = YES;
				CLANG_WARN_OBJC_IMPLICIT_RETAIN_SELF = YES;
				CLANG_WARN_OBJC_LITERAL_CONVERSION = YES;
				CLANG_WARN_OBJC_ROOT_CLASS = YES_ERROR;
				CLANG_WARN_QUOTED_INCLUDE_IN_FRAMEWORK_HEADER = YES;
				CLANG_WARN_RANGE_LOOP_ANALYSIS = YES;
				CLANG_WARN_STRICT_PROTOTYPES = YES;
				CLANG_WARN_SUSPICIOUS_MOVE = YES;
				CLANG_WARN_UNGUARDED_AVAILABILITY = YES_AGGRESSIVE;
				CLANG_WARN_UNREACHABLE_CODE = YES;
				CLANG_WARN__DUPLICATE_METHOD_MATCH = YES;
				COPY_PHASE_STRIP = NO;
				DEBUG_INFORMATION_FORMAT = "dwarf-with-dsym";
				DEVELOPMENT_TEAM = 996Y4MJA7D;
				ENABLE_NS_ASSERTIONS = NO;
				ENABLE_STRICT_OBJC_MSGSEND = YES;
				ENABLE_USER_SCRIPT_SANDBOXING = YES;
				GCC_C_LANGUAGE_STANDARD = gnu17;
				GCC_NO_COMMON_BLOCKS = YES;
				GCC_WARN_64_TO_32_BIT_CONVERSION = YES;
				GCC_WARN_ABOUT_RETURN_TYPE = YES_ERROR;
				GCC_WARN_UNDECLARED_SELECTOR = YES;
				GCC_WARN_UNINITIALIZED_AUTOS = YES_AGGRESSIVE;
				GCC_WARN_UNUSED_FUNCTION = YES;
				GCC_WARN_UNUSED_VARIABLE = YES;
				LOCALIZATION_PREFERS_STRING_CATALOGS = YES;
				MACOSX_DEPLOYMENT_TARGET = 27.0;
				MTL_ENABLE_DEBUG_INFO = NO;
				MTL_FAST_MATH = YES;
				SDKROOT = macosx;
				SWIFT_COMPILATION_MODE = wholemodule;
			};
			name = Release;
		};
		3C9C9B7E305D44ED00AD3283 /* Debug configuration for PBXNativeTarget "OpenDock" */ = {
			isa = XCBuildConfiguration;
			buildSettings = {
				ASSETCATALOG_COMPILER_APPICON_NAME = AppIcon;
				ASSETCATALOG_COMPILER_GLOBAL_ACCENT_COLOR_NAME = AccentColor;
				CODE_SIGN_STYLE = Automatic;
				COMBINE_HIDPI_IMAGES = YES;
				CURRENT_PROJECT_VERSION = 1;
				DEVELOPMENT_TEAM = 996Y4MJA7D;
				ENABLE_APP_SANDBOX = YES;
				ENABLE_HARDENED_RUNTIME = YES;
				ENABLE_PREVIEWS = YES;
								GENERATE_INFOPLIST_FILE = YES;
				CODE_SIGN_ENTITLEMENTS = Config/OpenDock.entitlements;
				ENABLE_RESOURCE_ACCESS_CALENDARS = YES;
				ENABLE_RESOURCE_ACCESS_LOCATION = YES;
				INFOPLIST_KEY_CFBundleDisplayName = "OpenDock Debug";
				INFOPLIST_FILE = Config/OpenDock-Info.plist;
				INFOPLIST_KEY_LSUIElement = YES;
				INFOPLIST_KEY_NSAppleEventsUsageDescription = "OpenDock moves the system Dock aside so the two docks do not overlap.";
				INFOPLIST_KEY_NSCalendarsFullAccessUsageDescription = "OpenDock shows upcoming events in calendar widgets.";
				INFOPLIST_KEY_NSLocationUsageDescription = "OpenDock uses your location for local weather forecasts.";
				INFOPLIST_KEY_NSLocationWhenInUseUsageDescription = "OpenDock uses your location for local weather forecasts.";
				INFOPLIST_KEY_NSRemindersFullAccessUsageDescription = "OpenDock shows and checks off tasks in reminders widgets.";
				INFOPLIST_KEY_NSHumanReadableCopyright = "";
				LD_RUNPATH_SEARCH_PATHS = (
					"$(inherited)",
					"@executable_path/../Frameworks",
				);
				MARKETING_VERSION = 1.0;
				PRODUCT_BUNDLE_IDENTIFIER = com.monawwar.OpenDock.Debug;
				PRODUCT_NAME = "$(TARGET_NAME)";
				REGISTER_APP_GROUPS = YES;
				STRING_CATALOG_GENERATE_SYMBOLS = YES;
				SWIFT_APPROACHABLE_CONCURRENCY = YES;
				SWIFT_DEFAULT_ACTOR_ISOLATION = MainActor;
				SWIFT_EMIT_LOC_STRINGS = YES;
				SWIFT_UPCOMING_FEATURE_MEMBER_IMPORT_VISIBILITY = YES;
				SWIFT_VERSION = 5.0;
			};
			name = Debug;
		};
		3C9C9B7F305D44ED00AD3283 /* Release configuration for PBXNativeTarget "OpenDock" */ = {
			isa = XCBuildConfiguration;
			buildSettings = {
				ASSETCATALOG_COMPILER_APPICON_NAME = AppIcon;
				ASSETCATALOG_COMPILER_GLOBAL_ACCENT_COLOR_NAME = AccentColor;
				CODE_SIGN_STYLE = Automatic;
				COMBINE_HIDPI_IMAGES = YES;
				CURRENT_PROJECT_VERSION = 1;
				DEVELOPMENT_TEAM = 996Y4MJA7D;
				ENABLE_APP_SANDBOX = YES;
				ENABLE_HARDENED_RUNTIME = YES;
				ENABLE_PREVIEWS = YES;
								GENERATE_INFOPLIST_FILE = YES;
				CODE_SIGN_ENTITLEMENTS = Config/OpenDock.entitlements;
				ENABLE_RESOURCE_ACCESS_CALENDARS = YES;
				ENABLE_RESOURCE_ACCESS_LOCATION = YES;
				INFOPLIST_FILE = Config/OpenDock-Info.plist;
				INFOPLIST_KEY_LSUIElement = YES;
				INFOPLIST_KEY_NSAppleEventsUsageDescription = "OpenDock moves the system Dock aside so the two docks do not overlap.";
				INFOPLIST_KEY_NSCalendarsFullAccessUsageDescription = "OpenDock shows upcoming events in calendar widgets.";
				INFOPLIST_KEY_NSLocationUsageDescription = "OpenDock uses your location for local weather forecasts.";
				INFOPLIST_KEY_NSLocationWhenInUseUsageDescription = "OpenDock uses your location for local weather forecasts.";
				INFOPLIST_KEY_NSRemindersFullAccessUsageDescription = "OpenDock shows and checks off tasks in reminders widgets.";
				INFOPLIST_KEY_NSHumanReadableCopyright = "";
				LD_RUNPATH_SEARCH_PATHS = (
					"$(inherited)",
					"@executable_path/../Frameworks",
				);
				MARKETING_VERSION = 1.0;
				PRODUCT_BUNDLE_IDENTIFIER = com.monawwar.OpenDock;
				PRODUCT_NAME = "$(TARGET_NAME)";
				REGISTER_APP_GROUPS = YES;
				STRING_CATALOG_GENERATE_SYMBOLS = YES;
				SWIFT_APPROACHABLE_CONCURRENCY = YES;
				SWIFT_DEFAULT_ACTOR_ISOLATION = MainActor;
				SWIFT_EMIT_LOC_STRINGS = YES;
				SWIFT_UPCOMING_FEATURE_MEMBER_IMPORT_VISIBILITY = YES;
				SWIFT_VERSION = 5.0;
			};
			name = Release;
		};
/* End XCBuildConfiguration section */

/* Begin XCConfigurationList section */
		3C9C9B6B305D44EC00AD3283 /* Build configuration list for PBXProject "OpenDock" */ = {
			isa = XCConfigurationList;
			buildConfigurations = (
				3C9C9B7B305D44ED00AD3283 /* Debug configuration for PBXProject "OpenDock" */,
				3C9C9B7C305D44ED00AD3283 /* Release configuration for PBXProject "OpenDock" */,
			);
			defaultConfigurationName = Release;
		};
		3C9C9B7D305D44ED00AD3283 /* Build configuration list for PBXNativeTarget "OpenDock" */ = {
			isa = XCConfigurationList;
			buildConfigurations = (
				3C9C9B7E305D44ED00AD3283 /* Debug configuration for PBXNativeTarget "OpenDock" */,
				3C9C9B7F305D44ED00AD3283 /* Release configuration for PBXNativeTarget "OpenDock" */,
			);
			defaultConfigurationName = Release;
		};
/* End XCConfigurationList section */

/* Begin XCLocalSwiftPackageReference section */
		0D000001000000000000C001 /* XCLocalSwiftPackageReference "Packages/OpenDockKit" */ = {
			isa = XCLocalSwiftPackageReference;
			relativePath = Packages/OpenDockKit;
		};
		0D000001000000000000C002 /* XCLocalSwiftPackageReference "Packages/OpenDockWidgets" */ = {
			isa = XCLocalSwiftPackageReference;
			relativePath = Packages/OpenDockWidgets;
		};
/* End XCLocalSwiftPackageReference section */

/* Begin XCRemoteSwiftPackageReference section */
		0D000001000000000000C003 /* XCRemoteSwiftPackageReference "Sparkle" */ = {
			isa = XCRemoteSwiftPackageReference;
			repositoryURL = "https://github.com/sparkle-project/Sparkle";
			requirement = {
				kind = upToNextMajorVersion;
				minimumVersion = 2.9.0;
			};
		};
/* End XCRemoteSwiftPackageReference section */

/* Begin XCSwiftPackageProductDependency section */
		0D000001000000000000B001 /* OpenDockKit */ = {
			isa = XCSwiftPackageProductDependency;
			productName = OpenDockKit;
		};
		0D000001000000000000B002 /* OpenDockWidgets */ = {
			isa = XCSwiftPackageProductDependency;
			productName = OpenDockWidgets;
		};
		0D000001000000000000B003 /* Sparkle */ = {
			isa = XCSwiftPackageProductDependency;
			package = 0D000001000000000000C003 /* XCRemoteSwiftPackageReference "Sparkle" */;
			productName = Sparkle;
		};
/* End XCSwiftPackageProductDependency section */
	};
	rootObject = 3C9C9B68305D44EC00AD3283 /* Project object */;
	validationLevel = 1;
}
